{
  "name": "create-flyweight",
  "version": "1.0.45",
  "lockfileVersion": 3,
  "requires": true,
  "packages": {
    "": {
      "name": "create-flyweight",
      "version": "1.0.45",
      "license": "ISC",
      "dependencies": {
        "toml": "^3.0.0"
      },
      "bin": {
        "cli": "index.js"
      },
      "devDependencies": {
        "@types/node": "^20.12.4",
        "flyweight-client": "file:../flyweight-client",
        "flyweight-sqlite": "file:../flyweight-sqlite",
        "flyweightjs": "file:../flyweight"
      }
    },
    "../flyweight": {
      "name": "flyweightjs",
      "version": "2.0.46",
      "dev": true,
      "license": "MIT",
      "dependencies": {
        "pluralize": "8.0.0"
      },
      "devDependencies": {
        "esbuild": "0.20.2",
        "flyweight-sqlite": "^1.0.0"
      }
    },
    "../flyweight-client": {
      "version": "1.0.12",
      "dev": true,
      "license": "MIT",
      "dependencies": {
        "toml": "^3.0.0"
      },
      "devDependencies": {
        "esbuild": "0.20.2"
      }
    },
    "../flyweight-sqlite": {
      "version": "1.0.0",
      "dev": true,
      "license": "MIT",
      "dependencies": {
        "sqlite3": "5.1.7"
      },
      "devDependencies": {
        "esbuild": "0.20.2"
      }
    },
    "node_modules/@types/node": {
      "version": "20.12.8",
      "resolved": "https://registry.npmjs.org/@types/node/-/node-20.12.8.tgz",
      "integrity": "sha512-NU0rJLJnshZWdE/097cdCBbyW1h4hEg0xpovcoAQYHl8dnEyp/NAOiE45pvc+Bd1Dt+2r94v2eGFpQJ4R7g+2w==",
      "dev": true,
      "dependencies": {
        "undici-types": "~5.26.4"
      }
    },
    "node_modules/flyweight-client": {
      "resolved": "../flyweight-client",
      "link": true
    },
    "node_modules/flyweight-sqlite": {
      "resolved": "../flyweight-sqlite",
      "link": true
    },
    "node_modules/flyweightjs": {
      "resolved": "../flyweight",
      "link": true
    },
    "node_modules/toml": {
      "version": "3.0.0",
      "resolved": "https://registry.npmjs.org/toml/-/toml-3.0.0.tgz",
      "integrity": "sha512-y/mWCZinnvxjTKYhJ+pYxwD0mRLVvOtdS2Awbgxln6iEnt4rk0yBxeSBHkGJcPucRiG0e55mwWp+g/05rsrd6w=="
    },
    "node_modules/undici-types": {
      "version": "5.26.5",
      "resolved": "https://registry.npmjs.org/undici-types/-/undici-types-5.26.5.tgz",
      "integrity": "sha512-JlCMO+ehdEIKqlFxk6IfVoAUVmgz7cU7zD/h9XZ0qzeosSHmUJVOzSQvvYSYWXkFXC+IfLKSIffhv0sVZup6pA==",
      "dev": true
    }
  }
}
